
Microsoft Visual Studio Solution File, Format Version 12.00
# Visual Studio Version 17
VisualStudioVersion = 17.10.35122.118
MinimumVisualStudioVersion = 10.0.40219.1
Project("{FAE04EC0-301F-11D3-BF4B-00C04F79EFBC}") = "BKT", "BKT\BKT.csproj", "{FDBF2BE1-BB40-40BB-8BDF-64EFCFC5E280}"
EndProject
Project("{FAE04EC0-301F-11D3-BF4B-00C04F79EFBC}") = "Bai2", "Bai2\Bai2.csproj", "{053D7870-4DB9-4268-9831-C3E215582177}"
EndProject
Project("{FAE04EC0-301F-11D3-BF4B-00C04F79EFBC}") = "Bai3_Thang", "Bai3_Thang\Bai3_Thang.csproj", "{3E206CC3-107A-40AF-B9D3-45871644199D}"
EndProject
Project("{FAE04EC0-301F-11D3-BF4B-00C04F79EFBC}") = "Bai4_Thang", "Bai4_Thang\Bai4_Thang.csproj", "{71C699CB-1ADD-48A4-AB00-20CEC15575E2}"
EndProject
Project("{FAE04EC0-301F-11D3-BF4B-00C04F79EFBC}") = "Bai5_Thang", "Bai5_Thang\Bai5_Thang.csproj", "{1D2A4648-511F-4740-842C-DE7AD02543C7}"
EndProject
Global
	GlobalSection(SolutionConfigurationPlatforms) = preSolution
		Debug|Any CPU = Debug|Any CPU
		Release|Any CPU = Release|Any CPU
	EndGlobalSection
	GlobalSection(ProjectConfigurationPlatforms) = postSolution
		{FDBF2BE1-BB40-40BB-8BDF-64EFCFC5E280}.Debug|Any CPU.ActiveCfg = Debug|Any CPU
		{FDBF2BE1-BB40-40BB-8BDF-64EFCFC5E280}.Debug|Any CPU.Build.0 = Debug|Any CPU
		{FDBF2BE1-BB40-40BB-8BDF-64EFCFC5E280}.Release|Any CPU.ActiveCfg = Release|Any CPU
		{FDBF2BE1-BB40-40BB-8BDF-64EFCFC5E280}.Release|Any CPU.Build.0 = Release|Any CPU
		{053D7870-4DB9-4268-9831-C3E215582177}.Debug|Any CPU.ActiveCfg = Debug|Any CPU
		{053D7870-4DB9-4268-9831-C3E215582177}.Debug|Any CPU.Build.0 = Debug|Any CPU
		{053D7870-4DB9-4268-9831-C3E215582177}.Release|Any CPU.ActiveCfg = Release|Any CPU
		{053D7870-4DB9-4268-9831-C3E215582177}.Release|Any CPU.Build.0 = Release|Any CPU
		{3E206CC3-107A-40AF-B9D3-45871644199D}.Debug|Any CPU.ActiveCfg = Debug|Any CPU
		{3E206CC3-107A-40AF-B9D3-45871644199D}.Debug|Any CPU.Build.0 = Debug|Any CPU
		{3E206CC3-107A-40AF-B9D3-45871644199D}.Release|Any CPU.ActiveCfg = Release|Any CPU
		{3E206CC3-107A-40AF-B9D3-45871644199D}.Release|Any CPU.Build.0 = Release|Any CPU
		{71C699CB-1ADD-48A4-AB00-20CEC15575E2}.Debug|Any CPU.ActiveCfg = Debug|Any CPU
		{71C699CB-1ADD-48A4-AB00-20CEC15575E2}.Debug|Any CPU.Build.0 = Debug|Any CPU
		{71C699CB-1ADD-48A4-AB00-20CEC15575E2}.Release|Any CPU.ActiveCfg = Release|Any CPU
		{71C699CB-1ADD-48A4-AB00-20CEC15575E2}.Release|Any CPU.Build.0 = Release|Any CPU
		{1D2A4648-511F-4740-842C-DE7AD02543C7}.Debug|Any CPU.ActiveCfg = Debug|Any CPU
		{1D2A4648-511F-4740-842C-DE7AD02543C7}.Debug|Any CPU.Build.0 = Debug|Any CPU
		{1D2A4648-511F-4740-842C-DE7AD02543C7}.Release|Any CPU.ActiveCfg = Release|Any CPU
		{1D2A4648-511F-4740-842C-DE7AD02543C7}.Release|Any CPU.Build.0 = Release|Any CPU
	EndGlobalSection
	GlobalSection(SolutionProperties) = preSolution
		HideSolutionNode = FALSE
	EndGlobalSection
	GlobalSection(ExtensibilityGlobals) = postSolution
		SolutionGuid = {77ABC230-9AFE-40D2-858C-BCB85B2F5B31}
	EndGlobalSection
EndGlobal
